{
  "name": "wavearea",
  "version": "1.1.0",
  "lockfileVersion": 2,
  "requires": true,
  "packages": {
    "": {
      "name": "wavearea",
      "version": "1.1.0",
      "license": "MIT",
      "dependencies": {
        "@wasm-audio-decoders/flac": "^0.1.2",
        "@wasm-audio-decoders/ogg-vorbis": "^0.0.1",
        "audio-buffer": "^5.0.0",
        "audio-type": "^1.0.2",
        "kv-storage-polyfill": "^2.0.0",
        "mpg123-decoder": "^0.4.2",
        "ogg-opus-decoder": "^1.5.2",
        "opus-decoder": "^0.6.2",
        "sprae": "^2.12.3"
      },
      "devDependencies": {
        "esbuild": "^0.16.12"
      }
    },
    "node_modules/@esbuild/android-arm": {
      "version": "0.16.12",
      "resolved": "https://registry.npmjs.org/@esbuild/android-arm/-/android-arm-0.16.12.tgz",
      "integrity": "sha512-CTWgMJtpCyCltrvipZrrcjjRu+rzm6pf9V8muCsJqtKujR3kPmU4ffbckvugNNaRmhxAF1ZI3J+0FUIFLFg8KA==",
      "cpu": [
        "arm"
      ],
      "dev": true,
      "optional": true,
      "os": [
        "android"
      ],
      "engines": {
        "node": ">=12"
      }
    },
    "node_modules/@esbuild/android-arm64": {
      "version": "0.16.12",
      "resolved": "https://registry.npmjs.org/@esbuild/android-arm64/-/android-arm64-0.16.12.tgz",
      "integrity": "sha512-0LacmiIW+X0/LOLMZqYtZ7d4uY9fxYABAYhSSOu+OGQVBqH4N5eIYgkT7bBFnR4Nm3qo6qS3RpHKVrDASqj/uQ==",
      "cpu": [
        "arm64"
      ],
      "dev": true,
      "optional": true,
      "os": [
        "android"
      ],
      "engines": {
        "node": ">=12"
      }
    },
    "node_modules/@esbuild/android-x64": {
      "version": "0.16.12",
      "resolved": "https://registry.npmjs.org/@esbuild/android-x64/-/android-x64-0.16.12.tgz",
      "integrity": "sha512-sS5CR3XBKQXYpSGMM28VuiUnbX83Z+aWPZzClW+OB2JquKqxoiwdqucJ5qvXS8pM6Up3RtJfDnRQZkz3en2z5g==",
      "cpu": [
        "x64"
      ],
      "dev": true,
      "optional": true,
      "os": [
        "android"
      ],
      "engines": {
        "node": ">=12"
      }
    },
    "node_modules/@esbuild/darwin-arm64": {
      "version": "0.16.12",
      "resolved": "https://registry.npmjs.org/@esbuild/darwin-arm64/-/darwin-arm64-0.16.12.tgz",
      "integrity": "sha512-Dpe5hOAQiQRH20YkFAg+wOpcd4PEuXud+aGgKBQa/VriPJA8zuVlgCOSTwna1CgYl05lf6o5els4dtuyk1qJxQ==",
      "cpu": [
        "arm64"
      ],
      "dev": true,
      "optional": true,
      "os": [
        "darwin"
      ],
      "engines": {
        "node": ">=12"
      }
    },
    "node_modules/@esbuild/darwin-x64": {
      "version": "0.16.12",
      "resolved": "https://registry.npmjs.org/@esbuild/darwin-x64/-/darwin-x64-0.16.12.tgz",
      "integrity": "sha512-ApGRA6X5txIcxV0095X4e4KKv87HAEXfuDRcGTniDWUUN+qPia8sl/BqG/0IomytQWajnUn4C7TOwHduk/FXBQ==",
      "cpu": [
        "x64"
      ],
      "dev": true,
      "optional": true,
      "os": [
        "darwin"
      ],
      "engines": {
        "node": ">=12"
      }
    },
    "node_modules/@esbuild/freebsd-arm64": {
      "version": "0.16.12",
      "resolved": "https://registry.npmjs.org/@esbuild/freebsd-arm64/-/freebsd-arm64-0.16.12.tgz",
      "integrity": "sha512-AMdK2gA9EU83ccXCWS1B/KcWYZCj4P3vDofZZkl/F/sBv/fphi2oUqUTox/g5GMcIxk8CF1CVYTC82+iBSyiUg==",
      "cpu": [
        "arm64"
      ],
      "dev": true,
      "optional": true,
      "os": [
        "freebsd"
      ],
      "engines": {
        "node": ">=12"
      }
    },
    "node_modules/@esbuild/freebsd-x64": {
      "version": "0.16.12",
      "resolved": "https://registry.npmjs.org/@esbuild/freebsd-x64/-/freebsd-x64-0.16.12.tgz",
      "integrity": "sha512-KUKB9w8G/xaAbD39t6gnRBuhQ8vIYYlxGT2I+mT6UGRnCGRr1+ePFIGBQmf5V16nxylgUuuWVW1zU2ktKkf6WQ==",
      "cpu": [
        "x64"
      ],
      "dev": true,
      "optional": true,
      "os": [
        "freebsd"
      ],
      "engines": {
        "node": ">=12"
      }
    },
    "node_modules/@esbuild/linux-arm": {
      "version": "0.16.12",
      "resolved": "https://registry.npmjs.org/@esbuild/linux-arm/-/linux-arm-0.16.12.tgz",
      "integrity": "sha512-vhDdIv6z4eL0FJyNVfdr3C/vdd/Wc6h1683GJsFoJzfKb92dU/v88FhWdigg0i6+3TsbSDeWbsPUXb4dif2abg==",
      "cpu": [
        "arm"
      ],
      "dev": true,
      "optional": true,
      "os": [
        "linux"
      ],
      "engines": {
        "node": ">=12"
      }
    },
    "node_modules/@esbuild/linux-arm64": {
      "version": "0.16.12",
      "resolved": "https://registry.npmjs.org/@esbuild/linux-arm64/-/linux-arm64-0.16.12.tgz",
      "integrity": "sha512-29HXMLpLklDfmw7T2buGqq3HImSUaZ1ArmrPOMaNiZZQptOSZs32SQtOHEl8xWX5vfdwZqrBfNf8Te4nArVzKQ==",
      "cpu": [
        "arm64"
      ],
      "dev": true,
      "optional": true,
      "os": [
        "linux"
      ],
      "engines": {
        "node": ">=12"
      }
    },
    "node_modules/@esbuild/linux-ia32": {
      "version": "0.16.12",
      "resolved": "https://registry.npmjs.org/@esbuild/linux-ia32/-/linux-ia32-0.16.12.tgz",
      "integrity": "sha512-JFDuNDTTfgD1LJg7wHA42o2uAO/9VzHYK0leAVnCQE/FdMB599YMH73ux+nS0xGr79pv/BK+hrmdRin3iLgQjg==",
      "cpu": [
        "ia32"
      ],
      "dev": true,
      "optional": true,
      "os": [
        "linux"
      ],
      "engines": {
        "node": ">=12"
      }
    },
    "node_modules/@esbuild/linux-loong64": {
      "version": "0.16.12",
      "resolved": "https://registry.npmjs.org/@esbuild/linux-loong64/-/linux-loong64-0.16.12.tgz",
      "integrity": "sha512-xTGzVPqm6WKfCC0iuj1fryIWr1NWEM8DMhAIo+4rFgUtwy/lfHl+Obvus4oddzRDbBetLLmojfVZGmt/g/g+Rw==",
      "cpu": [
        "loong64"
      ],
      "dev": true,
      "optional": true,
      "os": [
        "linux"
      ],
      "engines": {
        "node": ">=12"
      }
    },
    "node_modules/@esbuild/linux-mips64el": {
      "version": "0.16.12",
      "resolved": "https://registry.npmjs.org/@esbuild/linux-mips64el/-/linux-mips64el-0.16.12.tgz",
      "integrity": "sha512-zI1cNgHa3Gol+vPYjIYHzKhU6qMyOQrvZ82REr5Fv7rlh5PG6SkkuCoH7IryPqR+BK2c/7oISGsvPJPGnO2bHQ==",
      "cpu": [
        "mips64el"
      ],
      "dev": true,
      "optional": true,
      "os": [
        "linux"
      ],
      "engines": {
        "node": ">=12"
      }
    },
    "node_modules/@esbuild/linux-ppc64": {
      "version": "0.16.12",
      "resolved": "https://registry.npmjs.org/@esbuild/linux-ppc64/-/linux-ppc64-0.16.12.tgz",
      "integrity": "sha512-/C8OFXExoMmvTDIOAM54AhtmmuDHKoedUd0Otpfw3+AuuVGemA1nQK99oN909uZbLEU6Bi+7JheFMG3xGfZluQ==",
      "cpu": [
        "ppc64"
      ],
      "dev": true,
      "optional": true,
      "os": [
        "linux"
      ],
      "engines": {
        "node": ">=12"
      }
    },
    "node_modules/@esbuild/linux-riscv64": {
      "version": "0.16.12",
      "resolved": "https://registry.npmjs.org/@esbuild/linux-riscv64/-/linux-riscv64-0.16.12.tgz",
      "integrity": "sha512-qeouyyc8kAGV6Ni6Isz8hUsKMr00EHgVwUKWNp1r4l88fHEoNTDB8mmestvykW6MrstoGI7g2EAsgr0nxmuGYg==",
      "cpu": [
        "riscv64"
      ],
      "dev": true,
      "optional": true,
      "os": [
        "linux"
      ],
      "engines": {
        "node": ">=12"
      }
    },
    "node_modules/@esbuild/linux-s390x": {
      "version": "0.16.12",
      "resolved": "https://registry.npmjs.org/@esbuild/linux-s390x/-/linux-s390x-0.16.12.tgz",
      "integrity": "sha512-s9AyI/5vz1U4NNqnacEGFElqwnHusWa81pskAf8JNDM2eb6b2E6PpBmT8RzeZv6/TxE6/TADn2g9bb0jOUmXwQ==",
      "cpu": [
        "s390x"
      ],
      "dev": true,
      "optional": true,
      "os": [
        "linux"
      ],
      "engines": {
        "node": ">=12"
      }
    },
    "node_modules/@esbuild/linux-x64": {
      "version": "0.16.12",
      "resolved": "https://registry.npmjs.org/@esbuild/linux-x64/-/linux-x64-0.16.12.tgz",
      "integrity": "sha512-e8YA7GQGLWhvakBecLptUiKxOk4E/EPtSckS1i0MGYctW8ouvNUoh7xnU15PGO2jz7BYl8q1R6g0gE5HFtzpqQ==",
      "cpu": [
        "x64"
      ],
      "dev": true,
      "optional": true,
      "os": [
        "linux"
      ],
      "engines": {
        "node": ">=12"
      }
    },
    "node_modules/@esbuild/netbsd-x64": {
      "version": "0.16.12",
      "resolved": "https://registry.npmjs.org/@esbuild/netbsd-x64/-/netbsd-x64-0.16.12.tgz",
      "integrity": "sha512-z2+kUxmOqBS+6SRVd57iOLIHE8oGOoEnGVAmwjm2aENSP35HPS+5cK+FL1l+rhrsJOFIPrNHqDUNechpuG96Sg==",
      "cpu": [
        "x64"
      ],
      "dev": true,
      "optional": true,
      "os": [
        "netbsd"
      ],
      "engines": {
        "node": ">=12"
      }
    },
    "node_modules/@esbuild/openbsd-x64": {
      "version": "0.16.12",
      "resolved": "https://registry.npmjs.org/@esbuild/openbsd-x64/-/openbsd-x64-0.16.12.tgz",
      "integrity": "sha512-PAonw4LqIybwn2/vJujhbg1N9W2W8lw9RtXIvvZoyzoA/4rA4CpiuahVbASmQohiytRsixbNoIOUSjRygKXpyA==",
      "cpu": [
        "x64"
      ],
      "dev": true,
      "optional": true,
      "os": [
        "openbsd"
      ],
      "engines": {
        "node": ">=12"
      }
    },
    "node_modules/@esbuild/sunos-x64": {
      "version": "0.16.12",
      "resolved": "https://registry.npmjs.org/@esbuild/sunos-x64/-/sunos-x64-0.16.12.tgz",
      "integrity": "sha512-+wr1tkt1RERi+Zi/iQtkzmMH4nS8+7UIRxjcyRz7lur84wCkAITT50Olq/HiT4JN2X2bjtlOV6vt7ptW5Gw60Q==",
      "cpu": [
        "x64"
      ],
      "dev": true,
      "optional": true,
      "os": [
        "sunos"
      ],
      "engines": {
        "node": ">=12"
      }
    },
    "node_modules/@esbuild/win32-arm64": {
      "version": "0.16.12",
      "resolved": "https://registry.npmjs.org/@esbuild/win32-arm64/-/win32-arm64-0.16.12.tgz",
      "integrity": "sha512-XEjeUSHmjsAOJk8+pXJu9pFY2O5KKQbHXZWQylJzQuIBeiGrpMeq9sTVrHefHxMOyxUgoKQTcaTS+VK/K5SviA==",
      "cpu": [
        "arm64"
      ],
      "dev": true,
      "optional": true,
      "os": [
        "win32"
      ],
      "engines": {
        "node": ">=12"
      }
    },
    "node_modules/@esbuild/win32-ia32": {
      "version": "0.16.12",
      "resolved": "https://registry.npmjs.org/@esbuild/win32-ia32/-/win32-ia32-0.16.12.tgz",
      "integrity": "sha512-eRKPM7e0IecUAUYr2alW7JGDejrFJXmpjt4MlfonmQ5Rz9HWpKFGCjuuIRgKO7W9C/CWVFXdJ2GjddsBXqQI4A==",
      "cpu": [
        "ia32"
      ],
      "dev": true,
      "optional": true,
      "os": [
        "win32"
      ],
      "engines": {
        "node": ">=12"
      }
    },
    "node_modules/@esbuild/win32-x64": {
      "version": "0.16.12",
      "resolved": "https://registry.npmjs.org/@esbuild/win32-x64/-/win32-x64-0.16.12.tgz",
      "integrity": "sha512-iPYKN78t3op2+erv2frW568j1q0RpqX6JOLZ7oPPaAV1VaF7dDstOrNw37PVOYoTWE11pV4A1XUitpdEFNIsPg==",
      "cpu": [
        "x64"
      ],
      "dev": true,
      "optional": true,
      "os": [
        "win32"
      ],
      "engines": {
        "node": ">=12"
      }
    },
    "node_modules/@eshaz/web-worker": {
      "version": "1.2.0",
      "resolved": "https://registry.npmjs.org/@eshaz/web-worker/-/web-worker-1.2.0.tgz",
      "integrity": "sha512-HWobmNKFZ8eARo39vEjkviTIISudgzrTyAqab9pOB/qNfnUPIUUMZv6+eEUUfXnkqWCLS3zreTn9YzaRvO8vIA=="
    },
    "node_modules/@preact/signals-core": {
      "version": "1.2.3",
      "resolved": "https://registry.npmjs.org/@preact/signals-core/-/signals-core-1.2.3.tgz",
      "integrity": "sha512-Kui4p7PMcEQevBgsTO0JBo3gyQ88Q3qzEvsVCuSp11t0JcN4DmGCTJcGRVSCq7Bn7lGxJBO+57jNSzDoDJ+QmA==",
      "funding": {
        "type": "opencollective",
        "url": "https://opencollective.com/preact"
      }
    },
    "node_modules/@wasm-audio-decoders/common": {
      "version": "6.0.2",
      "resolved": "https://registry.npmjs.org/@wasm-audio-decoders/common/-/common-6.0.2.tgz",
      "integrity": "sha512-1FRASCwG7Mcngurp6K/6FpDRCJr3mHim2ZjPX9wEJdEclKx/O/2hBC+2yw4TGrqybgWdkB4QLssosg6hKYIx/w==",
      "dependencies": {
        "@eshaz/web-worker": "1.2.0"
      }
    },
    "node_modules/@wasm-audio-decoders/flac": {
      "version": "0.1.2",
      "resolved": "https://registry.npmjs.org/@wasm-audio-decoders/flac/-/flac-0.1.2.tgz",
      "integrity": "sha512-yJcfcWK7txhvc9PVUhj4mroCskqGOWV+oJzXcgI/fyVtJIlY5IEBac4COuBRMfH0YEs+vZ9wf7kJfl8bvA0o6w==",
      "dependencies": {
        "@wasm-audio-decoders/common": "6.0.2",
        "codec-parser": "2.2.0"
      },
      "funding": {
        "type": "individual",
        "url": "https://github.com/sponsors/eshaz"
      }
    },
    "node_modules/@wasm-audio-decoders/ogg-vorbis": {
      "version": "0.0.1",
      "resolved": "https://registry.npmjs.org/@wasm-audio-decoders/ogg-vorbis/-/ogg-vorbis-0.0.1.tgz",
      "integrity": "sha512-Y2B1nPOW/LTfsH7hnf/uiIXt4thadB3TjM+mol4WNqnbyAaLh8+BodT0NRLi4XcDrDPfIoEkl+1zDkY40MToQA==",
      "dependencies": {
        "@wasm-audio-decoders/common": "6.1.0",
        "codec-parser": "2.2.0"
      },
      "funding": {
        "type": "individual",
        "url": "https://github.com/sponsors/eshaz"
      }
    },
    "node_modules/@wasm-audio-decoders/ogg-vorbis/node_modules/@wasm-audio-decoders/common": {
      "version": "6.1.0",
      "resolved": "https://registry.npmjs.org/@wasm-audio-decoders/common/-/common-6.1.0.tgz",
      "integrity": "sha512-uWjPUq8VNnNsn8KYZDwlDJFsjDKumCT9S3lADMQbcqbImch777CrrGzh7jfmFNrumpNfPNL2SGmzm5JhWHbG/g==",
      "dependencies": {
        "@eshaz/web-worker": "1.2.0"
      }
    },
    "node_modules/audio-buffer": {
      "version": "5.0.0",
      "resolved": "https://registry.npmjs.org/audio-buffer/-/audio-buffer-5.0.0.tgz",
      "integrity": "sha512-gsDyj1wwUp8u7NBB+eW6yhLb9ICf+0eBmDX8NGaAS00w8/fLqFdxUlL5Ge/U8kB64DlQhdonxYC59dXy1J7H/w=="
    },
    "node_modules/audio-type": {
      "version": "1.0.2",
      "resolved": "https://registry.npmjs.org/audio-type/-/audio-type-1.0.2.tgz",
      "integrity": "sha512-vEbOFc2+he+/b5tLmnBINnHUYb3GDzW5tNPa9DHdyKdyLxO0w3V1Dtr9wjLswPXByCCt9uTRu6IzHZ/J/Om4uw==",
      "dependencies": {
        "is-flac": "^1.1.0",
        "is-m4a": "^1.1.0",
        "is-mp3": "^1.1.0",
        "is-ogg": "^1.1.0",
        "is-wav": "^1.1.0",
        "read-chunk": "^2.0.0"
      },
      "bin": {
        "audio-type": "cli.js"
      },
      "engines": {
        "node": ">=4"
      }
    },
    "node_modules/codec-parser": {
      "version": "2.2.0",
      "resolved": "https://registry.npmjs.org/codec-parser/-/codec-parser-2.2.0.tgz",
      "integrity": "sha512-dD1VU8I7rmBhyWNYcwqlHIhVJ9ct3fiYRTJX8siuOxc9MMhpn0W3zuI1BUH0wtZWByb6Afe4tvM20Hcev5xqfQ=="
    },
    "node_modules/esbuild": {
      "version": "0.16.12",
      "resolved": "https://registry.npmjs.org/esbuild/-/esbuild-0.16.12.tgz",
      "integrity": "sha512-eq5KcuXajf2OmivCl4e89AD3j8fbV+UTE9vczEzq5haA07U9oOTzBWlh3+6ZdjJR7Rz2QfWZ2uxZyhZxBgJ4+g==",
      "dev": true,
      "hasInstallScript": true,
      "bin": {
        "esbuild": "bin/esbuild"
      },
      "engines": {
        "node": ">=12"
      },
      "optionalDependencies": {
        "@esbuild/android-arm": "0.16.12",
        "@esbuild/android-arm64": "0.16.12",
        "@esbuild/android-x64": "0.16.12",
        "@esbuild/darwin-arm64": "0.16.12",
        "@esbuild/darwin-x64": "0.16.12",
        "@esbuild/freebsd-arm64": "0.16.12",
        "@esbuild/freebsd-x64": "0.16.12",
        "@esbuild/linux-arm": "0.16.12",
        "@esbuild/linux-arm64": "0.16.12",
        "@esbuild/linux-ia32": "0.16.12",
        "@esbuild/linux-loong64": "0.16.12",
        "@esbuild/linux-mips64el": "0.16.12",
        "@esbuild/linux-ppc64": "0.16.12",
        "@esbuild/linux-riscv64": "0.16.12",
        "@esbuild/linux-s390x": "0.16.12",
        "@esbuild/linux-x64": "0.16.12",
        "@esbuild/netbsd-x64": "0.16.12",
        "@esbuild/openbsd-x64": "0.16.12",
        "@esbuild/sunos-x64": "0.16.12",
        "@esbuild/win32-arm64": "0.16.12",
        "@esbuild/win32-ia32": "0.16.12",
        "@esbuild/win32-x64": "0.16.12"
      }
    },
    "node_modules/is-flac": {
      "version": "1.1.2",
      "resolved": "https://registry.npmjs.org/is-flac/-/is-flac-1.1.2.tgz",
      "integrity": "sha512-bMCyh610qy9IAHHHxqMskwTbTHipJLRdcjrNkQjlwMJgAiA5DyVkBXF545xX+n/PFdlmUtG/2wAEV4WmdiJyrQ==",
      "engines": {
        "node": ">=4"
      }
    },
    "node_modules/is-m4a": {
      "version": "1.1.0",
      "resolved": "https://registry.npmjs.org/is-m4a/-/is-m4a-1.1.0.tgz",
      "integrity": "sha512-8LPSOaBA4OvJYlxVUMKGckZeoJxd0VhTqkb7noLdbcwGJCaYce6KC4GFTcK8H1rmUeXcLcH2ywODpVLJSIbLtg==",
      "engines": {
        "node": ">=0.10.0"
      }
    },
    "node_modules/is-mp3": {
      "version": "1.1.3",
      "resolved": "https://registry.npmjs.org/is-mp3/-/is-mp3-1.1.3.tgz",
      "integrity": "sha512-s9jAf4qmxd8MCOE0BRLzs9uZMM+hWWkIHBkPFOLU5NPT0ooCOaINRQ8ePBKWsfh1jOZr7Y7zFXpWxtIKaJhn4w==",
      "engines": {
        "node": ">=4"
      }
    },
    "node_modules/is-ogg": {
      "version": "1.1.2",
      "resolved": "https://registry.npmjs.org/is-ogg/-/is-ogg-1.1.2.tgz",
      "integrity": "sha512-5xNx56wkCD/WtIq2Ykzw6UhwtAEMT1+3II61wMEKgHjkCcEraCfOJi/XaOZWXMXVO+cvdhAHHBCaJHgx5xLagg==",
      "engines": {
        "node": ">=4"
      }
    },
    "node_modules/is-wav": {
      "version": "1.1.2",
      "resolved": "https://registry.npmjs.org/is-wav/-/is-wav-1.1.2.tgz",
      "integrity": "sha512-gLOkWlnwd//lRpIhe2u3Ow3mMls/4DIvoLuXwfxpOd/JBuql099f0ZTxwxqHn9Lz+ZG+7ZIMKPyIKG3D7Fot7A==",
      "engines": {
        "node": ">=4"
      }
    },
    "node_modules/kv-storage-polyfill": {
      "version": "2.0.0",
      "resolved": "https://registry.npmjs.org/kv-storage-polyfill/-/kv-storage-polyfill-2.0.0.tgz",
      "integrity": "sha512-K4tV8kYT2YNP00GN77pJ099cpwaYCOBGYY2NsfLjUtimE49YI9OYX+MGzOGHNOttUNCKC2Y3YZpV7P+HY2tgCQ=="
    },
    "node_modules/mpg123-decoder": {
      "version": "0.4.2",
      "resolved": "https://registry.npmjs.org/mpg123-decoder/-/mpg123-decoder-0.4.2.tgz",
      "integrity": "sha512-/LG+OdAGIlU+mrFA7IpQgiAc1NUWMTHfh8tHgRs3MZzlCSlKusZcByOBKnqHJ07JP1sZ2lDVquo1RjPLO9JBBw==",
      "dependencies": {
        "@wasm-audio-decoders/common": "6.0.2"
      },
      "funding": {
        "type": "individual",
        "url": "https://github.com/sponsors/eshaz"
      }
    },
    "node_modules/ogg-opus-decoder": {
      "version": "1.5.2",
      "resolved": "https://registry.npmjs.org/ogg-opus-decoder/-/ogg-opus-decoder-1.5.2.tgz",
      "integrity": "sha512-3nc98/4nYive+nrEfyK+DN+60lS7zuP7sPXLoQJs/GZ9I3gHbqppcP7CzpF/+iiM1nDGOJ4APa7qQ2n5NUjEzg==",
      "dependencies": {
        "@wasm-audio-decoders/common": "6.0.2",
        "codec-parser": "2.2.0",
        "opus-decoder": "0.6.2"
      },
      "funding": {
        "type": "individual",
        "url": "https://github.com/sponsors/eshaz"
      }
    },
    "node_modules/opus-decoder": {
      "version": "0.6.2",
      "resolved": "https://registry.npmjs.org/opus-decoder/-/opus-decoder-0.6.2.tgz",
      "integrity": "sha512-jqq9Jr1WrNJkD5yP2+BSUeJhkCSldOtDQrjzyOt2SkMc1oEB8Phv6zx/Wngxc+UQeftvLlAHL//BgXU4qbjc9Q==",
      "dependencies": {
        "@wasm-audio-decoders/common": "6.0.2"
      },
      "funding": {
        "type": "individual",
        "url": "https://github.com/sponsors/eshaz"
      }
    },
    "node_modules/pify": {
      "version": "3.0.0",
      "resolved": "https://registry.npmjs.org/pify/-/pify-3.0.0.tgz",
      "integrity": "sha512-C3FsVNH1udSEX48gGX1xfvwTWfsYWj5U+8/uK15BGzIGrKoUpghX8hWZwa/OFnakBiiVNmBvemTJR5mcy7iPcg==",
      "engines": {
        "node": ">=4"
      }
    },
    "node_modules/primitive-pool": {
      "version": "2.0.0",
      "resolved": "https://registry.npmjs.org/primitive-pool/-/primitive-pool-2.0.0.tgz",
      "integrity": "sha512-cZ3aZ4iOOngRJy1kEDatKsmVbQflxwN28hN5kuQ2DmnLjzp1NRC9NjsXcsl2zbQE1cMRAs/YmE5bYnGBKZkKBw=="
    },
    "node_modules/read-chunk": {
      "version": "2.1.0",
      "resolved": "https://registry.npmjs.org/read-chunk/-/read-chunk-2.1.0.tgz",
      "integrity": "sha512-QQqB2O9KX/BnztP1xkTRsBxABcWHCXTqQYmEm/DdNId1nw+leKkZvV/g5oCKUrXolGtU3zouoIxMLToAYyDgDw==",
      "dependencies": {
        "pify": "^3.0.0",
        "safe-buffer": "^5.1.1"
      },
      "engines": {
        "node": ">=4"
      }
    },
    "node_modules/safe-buffer": {
      "version": "5.2.1",
      "resolved": "https://registry.npmjs.org/safe-buffer/-/safe-buffer-5.2.1.tgz",
      "integrity": "sha512-rp3So07KcdmmKbGvgaNxQSJr7bGVSVk5S9Eq1F+ppbRo70+YeaDxkw5Dd8NPN+GD6bjnYm2VuPuCXmpuYvmCXQ==",
      "funding": [
        {
          "type": "github",
          "url": "https://github.com/sponsors/feross"
        },
        {
          "type": "patreon",
          "url": "https://www.patreon.com/feross"
        },
        {
          "type": "consulting",
          "url": "https://feross.org/support"
        }
      ]
    },
    "node_modules/signal-struct": {
      "version": "1.10.0",
      "resolved": "https://registry.npmjs.org/signal-struct/-/signal-struct-1.10.0.tgz",
      "integrity": "sha512-yb6NHDk2f3sqDYu7rlSsqL15vhFo5EPy27QiRjc6QdZXHuW9NoG4C4G2HIboUBDWtBTGkJgnJ9nzElHmLsysWg==",
      "dependencies": {
        "@preact/signals-core": "^1.2.2",
        "sube": "^2.2.1"
      }
    },
    "node_modules/sprae": {
      "version": "2.12.3",
      "resolved": "https://registry.npmjs.org/sprae/-/sprae-2.12.3.tgz",
      "integrity": "sha512-JsFN1OsDxhYm+/V0vGDf+kQmeIoOVqZdJUMRS+M9G41BXJ3JVrpfQCp3/J/Bse/041P01iTHPlMUFFhoWTRsWA==",
      "dependencies": {
        "@preact/signals-core": "^1.2.2",
        "primitive-pool": "^2.0.0",
        "signal-struct": "^1.10.0",
        "swapdom": "^1.1.1"
      }
    },
    "node_modules/sube": {
      "version": "2.2.1",
      "resolved": "https://registry.npmjs.org/sube/-/sube-2.2.1.tgz",
      "integrity": "sha512-BSqw+L5FGGxwxtN7BMLKy0qBv3LlcCiLxQoVkbHvg1Ce1gfOgaY0opNikRboC8aqhAs0rD66HPMEmYVtmcgtFg=="
    },
    "node_modules/swapdom": {
      "version": "1.1.1",
      "resolved": "https://registry.npmjs.org/swapdom/-/swapdom-1.1.1.tgz",
      "integrity": "sha512-d6nEZ4rr9uL1aiBc4Oo+P/VyGsmCSYFG7TIkjTlW1SPEG60qEJSqE81aUK/nDTqqmBpGNOzo27rZpUlA4Cq5Jg=="
    }
  },
  "dependencies": {
    "@esbuild/android-arm": {
      "version": "0.16.12",
      "resolved": "https://registry.npmjs.org/@esbuild/android-arm/-/android-arm-0.16.12.tgz",
      "integrity": "sha512-CTWgMJtpCyCltrvipZrrcjjRu+rzm6pf9V8muCsJqtKujR3kPmU4ffbckvugNNaRmhxAF1ZI3J+0FUIFLFg8KA==",
      "dev": true,
      "optional": true
    },
    "@esbuild/android-arm64": {
      "version": "0.16.12",
      "resolved": "https://registry.npmjs.org/@esbuild/android-arm64/-/android-arm64-0.16.12.tgz",
      "integrity": "sha512-0LacmiIW+X0/LOLMZqYtZ7d4uY9fxYABAYhSSOu+OGQVBqH4N5eIYgkT7bBFnR4Nm3qo6qS3RpHKVrDASqj/uQ==",
      "dev": true,
      "optional": true
    },
    "@esbuild/android-x64": {
      "version": "0.16.12",
      "resolved": "https://registry.npmjs.org/@esbuild/android-x64/-/android-x64-0.16.12.tgz",
      "integrity": "sha512-sS5CR3XBKQXYpSGMM28VuiUnbX83Z+aWPZzClW+OB2JquKqxoiwdqucJ5qvXS8pM6Up3RtJfDnRQZkz3en2z5g==",
      "dev": true,
      "optional": true
    },
    "@esbuild/darwin-arm64": {
      "version": "0.16.12",
      "resolved": "https://registry.npmjs.org/@esbuild/darwin-arm64/-/darwin-arm64-0.16.12.tgz",
      "integrity": "sha512-Dpe5hOAQiQRH20YkFAg+wOpcd4PEuXud+aGgKBQa/VriPJA8zuVlgCOSTwna1CgYl05lf6o5els4dtuyk1qJxQ==",
      "dev": true,
      "optional": true
    },
    "@esbuild/darwin-x64": {
      "version": "0.16.12",
      "resolved": "https://registry.npmjs.org/@esbuild/darwin-x64/-/darwin-x64-0.16.12.tgz",
      "integrity": "sha512-ApGRA6X5txIcxV0095X4e4KKv87HAEXfuDRcGTniDWUUN+qPia8sl/BqG/0IomytQWajnUn4C7TOwHduk/FXBQ==",
      "dev": true,
      "optional": true
    },
    "@esbuild/freebsd-arm64": {
      "version": "0.16.12",
      "resolved": "https://registry.npmjs.org/@esbuild/freebsd-arm64/-/freebsd-arm64-0.16.12.tgz",
      "integrity": "sha512-AMdK2gA9EU83ccXCWS1B/KcWYZCj4P3vDofZZkl/F/sBv/fphi2oUqUTox/g5GMcIxk8CF1CVYTC82+iBSyiUg==",
      "dev": true,
      "optional": true
    },
    "@esbuild/freebsd-x64": {
      "version": "0.16.12",
      "resolved": "https://registry.npmjs.org/@esbuild/freebsd-x64/-/freebsd-x64-0.16.12.tgz",
      "integrity": "sha512-KUKB9w8G/xaAbD39t6gnRBuhQ8vIYYlxGT2I+mT6UGRnCGRr1+ePFIGBQmf5V16nxylgUuuWVW1zU2ktKkf6WQ==",
      "dev": true,
      "optional": true
    },
    "@esbuild/linux-arm": {
      "version": "0.16.12",
      "resolved": "https://registry.npmjs.org/@esbuild/linux-arm/-/linux-arm-0.16.12.tgz",
      "integrity": "sha512-vhDdIv6z4eL0FJyNVfdr3C/vdd/Wc6h1683GJsFoJzfKb92dU/v88FhWdigg0i6+3TsbSDeWbsPUXb4dif2abg==",
      "dev": true,
      "optional": true
    },
    "@esbuild/linux-arm64": {
      "version": "0.16.12",
      "resolved": "https://registry.npmjs.org/@esbuild/linux-arm64/-/linux-arm64-0.16.12.tgz",
      "integrity": "sha512-29HXMLpLklDfmw7T2buGqq3HImSUaZ1ArmrPOMaNiZZQptOSZs32SQtOHEl8xWX5vfdwZqrBfNf8Te4nArVzKQ==",
      "dev": true,
      "optional": true
    },
    "@esbuild/linux-ia32": {
      "version": "0.16.12",
      "resolved": "https://registry.npmjs.org/@esbuild/linux-ia32/-/linux-ia32-0.16.12.tgz",
      "integrity": "sha512-JFDuNDTTfgD1LJg7wHA42o2uAO/9VzHYK0leAVnCQE/FdMB599YMH73ux+nS0xGr79pv/BK+hrmdRin3iLgQjg==",
      "dev": true,
      "optional": true
    },
    "@esbuild/linux-loong64": {
      "version": "0.16.12",
      "resolved": "https://registry.npmjs.org/@esbuild/linux-loong64/-/linux-loong64-0.16.12.tgz",
      "integrity": "sha512-xTGzVPqm6WKfCC0iuj1fryIWr1NWEM8DMhAIo+4rFgUtwy/lfHl+Obvus4oddzRDbBetLLmojfVZGmt/g/g+Rw==",
      "dev": true,
      "optional": true
    },
    "@esbuild/linux-mips64el": {
      "version": "0.16.12",
      "resolved": "https://registry.npmjs.org/@esbuild/linux-mips64el/-/linux-mips64el-0.16.12.tgz",
      "integrity": "sha512-zI1cNgHa3Gol+vPYjIYHzKhU6qMyOQrvZ82REr5Fv7rlh5PG6SkkuCoH7IryPqR+BK2c/7oISGsvPJPGnO2bHQ==",
      "dev": true,
      "optional": true
    },
    "@esbuild/linux-ppc64": {
      "version": "0.16.12",
      "resolved": "https://registry.npmjs.org/@esbuild/linux-ppc64/-/linux-ppc64-0.16.12.tgz",
      "integrity": "sha512-/C8OFXExoMmvTDIOAM54AhtmmuDHKoedUd0Otpfw3+AuuVGemA1nQK99oN909uZbLEU6Bi+7JheFMG3xGfZluQ==",
      "dev": true,
      "optional": true
    },
    "@esbuild/linux-riscv64": {
      "version": "0.16.12",
      "resolved": "https://registry.npmjs.org/@esbuild/linux-riscv64/-/linux-riscv64-0.16.12.tgz",
      "integrity": "sha512-qeouyyc8kAGV6Ni6Isz8hUsKMr00EHgVwUKWNp1r4l88fHEoNTDB8mmestvykW6MrstoGI7g2EAsgr0nxmuGYg==",
      "dev": true,
      "optional": true
    },
    "@esbuild/linux-s390x": {
      "version": "0.16.12",
      "resolved": "https://registry.npmjs.org/@esbuild/linux-s390x/-/linux-s390x-0.16.12.tgz",
      "integrity": "sha512-s9AyI/5vz1U4NNqnacEGFElqwnHusWa81pskAf8JNDM2eb6b2E6PpBmT8RzeZv6/TxE6/TADn2g9bb0jOUmXwQ==",
      "dev": true,
      "optional": true
    },
    "@esbuild/linux-x64": {
      "version": "0.16.12",
      "resolved": "https://registry.npmjs.org/@esbuild/linux-x64/-/linux-x64-0.16.12.tgz",
      "integrity": "sha512-e8YA7GQGLWhvakBecLptUiKxOk4E/EPtSckS1i0MGYctW8ouvNUoh7xnU15PGO2jz7BYl8q1R6g0gE5HFtzpqQ==",
      "dev": true,
      "optional": true
    },
    "@esbuild/netbsd-x64": {
      "version": "0.16.12",
      "resolved": "https://registry.npmjs.org/@esbuild/netbsd-x64/-/netbsd-x64-0.16.12.tgz",
      "integrity": "sha512-z2+kUxmOqBS+6SRVd57iOLIHE8oGOoEnGVAmwjm2aENSP35HPS+5cK+FL1l+rhrsJOFIPrNHqDUNechpuG96Sg==",
      "dev": true,
      "optional": true
    },
    "@esbuild/openbsd-x64": {
      "version": "0.16.12",
      "resolved": "https://registry.npmjs.org/@esbuild/openbsd-x64/-/openbsd-x64-0.16.12.tgz",
      "integrity": "sha512-PAonw4LqIybwn2/vJujhbg1N9W2W8lw9RtXIvvZoyzoA/4rA4CpiuahVbASmQohiytRsixbNoIOUSjRygKXpyA==",
      "dev": true,
      "optional": true
    },
    "@esbuild/sunos-x64": {
      "version": "0.16.12",
      "resolved": "https://registry.npmjs.org/@esbuild/sunos-x64/-/sunos-x64-0.16.12.tgz",
      "integrity": "sha512-+wr1tkt1RERi+Zi/iQtkzmMH4nS8+7UIRxjcyRz7lur84wCkAITT50Olq/HiT4JN2X2bjtlOV6vt7ptW5Gw60Q==",
      "dev": true,
      "optional": true
    },
    "@esbuild/win32-arm64": {
      "version": "0.16.12",
      "resolved": "https://registry.npmjs.org/@esbuild/win32-arm64/-/win32-arm64-0.16.12.tgz",
      "integrity": "sha512-XEjeUSHmjsAOJk8+pXJu9pFY2O5KKQbHXZWQylJzQuIBeiGrpMeq9sTVrHefHxMOyxUgoKQTcaTS+VK/K5SviA==",
      "dev": true,
      "optional": true
    },
    "@esbuild/win32-ia32": {
      "version": "0.16.12",
      "resolved": "https://registry.npmjs.org/@esbuild/win32-ia32/-/win32-ia32-0.16.12.tgz",
      "integrity": "sha512-eRKPM7e0IecUAUYr2alW7JGDejrFJXmpjt4MlfonmQ5Rz9HWpKFGCjuuIRgKO7W9C/CWVFXdJ2GjddsBXqQI4A==",
      "dev": true,
      "optional": true
    },
    "@esbuild/win32-x64": {
      "version": "0.16.12",
      "resolved": "https://registry.npmjs.org/@esbuild/win32-x64/-/win32-x64-0.16.12.tgz",
      "integrity": "sha512-iPYKN78t3op2+erv2frW568j1q0RpqX6JOLZ7oPPaAV1VaF7dDstOrNw37PVOYoTWE11pV4A1XUitpdEFNIsPg==",
      "dev": true,
      "optional": true
    },
    "@eshaz/web-worker": {
      "version": "1.2.0",
      "resolved": "https://registry.npmjs.org/@eshaz/web-worker/-/web-worker-1.2.0.tgz",
      "integrity": "sha512-HWobmNKFZ8eARo39vEjkviTIISudgzrTyAqab9pOB/qNfnUPIUUMZv6+eEUUfXnkqWCLS3zreTn9YzaRvO8vIA=="
    },
    "@preact/signals-core": {
      "version": "1.2.3",
      "resolved": "https://registry.npmjs.org/@preact/signals-core/-/signals-core-1.2.3.tgz",
      "integrity": "sha512-Kui4p7PMcEQevBgsTO0JBo3gyQ88Q3qzEvsVCuSp11t0JcN4DmGCTJcGRVSCq7Bn7lGxJBO+57jNSzDoDJ+QmA=="
    },
    "@wasm-audio-decoders/common": {
      "version": "6.0.2",
      "resolved": "https://registry.npmjs.org/@wasm-audio-decoders/common/-/common-6.0.2.tgz",
      "integrity": "sha512-1FRASCwG7Mcngurp6K/6FpDRCJr3mHim2ZjPX9wEJdEclKx/O/2hBC+2yw4TGrqybgWdkB4QLssosg6hKYIx/w==",
      "requires": {
        "@eshaz/web-worker": "1.2.0"
      }
    },
    "@wasm-audio-decoders/flac": {
      "version": "0.1.2",
      "resolved": "https://registry.npmjs.org/@wasm-audio-decoders/flac/-/flac-0.1.2.tgz",
      "integrity": "sha512-yJcfcWK7txhvc9PVUhj4mroCskqGOWV+oJzXcgI/fyVtJIlY5IEBac4COuBRMfH0YEs+vZ9wf7kJfl8bvA0o6w==",
      "requires": {
        "@wasm-audio-decoders/common": "6.0.2",
        "codec-parser": "2.2.0"
      }
    },
    "@wasm-audio-decoders/ogg-vorbis": {
      "version": "0.0.1",
      "resolved": "https://registry.npmjs.org/@wasm-audio-decoders/ogg-vorbis/-/ogg-vorbis-0.0.1.tgz",
      "integrity": "sha512-Y2B1nPOW/LTfsH7hnf/uiIXt4thadB3TjM+mol4WNqnbyAaLh8+BodT0NRLi4XcDrDPfIoEkl+1zDkY40MToQA==",
      "requires": {
        "@wasm-audio-decoders/common": "6.1.0",
        "codec-parser": "2.2.0"
      },
      "dependencies": {
        "@wasm-audio-decoders/common": {
          "version": "6.1.0",
          "resolved": "https://registry.npmjs.org/@wasm-audio-decoders/common/-/common-6.1.0.tgz",
          "integrity": "sha512-uWjPUq8VNnNsn8KYZDwlDJFsjDKumCT9S3lADMQbcqbImch777CrrGzh7jfmFNrumpNfPNL2SGmzm5JhWHbG/g==",
          "requires": {
            "@eshaz/web-worker": "1.2.0"
          }
        }
      }
    },
    "audio-buffer": {
      "version": "5.0.0",
      "resolved": "https://registry.npmjs.org/audio-buffer/-/audio-buffer-5.0.0.tgz",
      "integrity": "sha512-gsDyj1wwUp8u7NBB+eW6yhLb9ICf+0eBmDX8NGaAS00w8/fLqFdxUlL5Ge/U8kB64DlQhdonxYC59dXy1J7H/w=="
    },
    "audio-type": {
      "version": "1.0.2",
      "resolved": "https://registry.npmjs.org/audio-type/-/audio-type-1.0.2.tgz",
      "integrity": "sha512-vEbOFc2+he+/b5tLmnBINnHUYb3GDzW5tNPa9DHdyKdyLxO0w3V1Dtr9wjLswPXByCCt9uTRu6IzHZ/J/Om4uw==",
      "requires": {
        "is-flac": "^1.1.0",
        "is-m4a": "^1.1.0",
        "is-mp3": "^1.1.0",
        "is-ogg": "^1.1.0",
        "is-wav": "^1.1.0",
        "read-chunk": "^2.0.0"
      }
    },
    "codec-parser": {
      "version": "2.2.0",
      "resolved": "https://registry.npmjs.org/codec-parser/-/codec-parser-2.2.0.tgz",
      "integrity": "sha512-dD1VU8I7rmBhyWNYcwqlHIhVJ9ct3fiYRTJX8siuOxc9MMhpn0W3zuI1BUH0wtZWByb6Afe4tvM20Hcev5xqfQ=="
    },
    "esbuild": {
      "version": "0.16.12",
      "resolved": "https://registry.npmjs.org/esbuild/-/esbuild-0.16.12.tgz",
      "integrity": "sha512-eq5KcuXajf2OmivCl4e89AD3j8fbV+UTE9vczEzq5haA07U9oOTzBWlh3+6ZdjJR7Rz2QfWZ2uxZyhZxBgJ4+g==",
      "dev": true,
      "requires": {
        "@esbuild/android-arm": "0.16.12",
        "@esbuild/android-arm64": "0.16.12",
        "@esbuild/android-x64": "0.16.12",
        "@esbuild/darwin-arm64": "0.16.12",
        "@esbuild/darwin-x64": "0.16.12",
        "@esbuild/freebsd-arm64": "0.16.12",
        "@esbuild/freebsd-x64": "0.16.12",
        "@esbuild/linux-arm": "0.16.12",
        "@esbuild/linux-arm64": "0.16.12",
        "@esbuild/linux-ia32": "0.16.12",
        "@esbuild/linux-loong64": "0.16.12",
        "@esbuild/linux-mips64el": "0.16.12",
        "@esbuild/linux-ppc64": "0.16.12",
        "@esbuild/linux-riscv64": "0.16.12",
        "@esbuild/linux-s390x": "0.16.12",
        "@esbuild/linux-x64": "0.16.12",
        "@esbuild/netbsd-x64": "0.16.12",
        "@esbuild/openbsd-x64": "0.16.12",
        "@esbuild/sunos-x64": "0.16.12",
        "@esbuild/win32-arm64": "0.16.12",
        "@esbuild/win32-ia32": "0.16.12",
        "@esbuild/win32-x64": "0.16.12"
      }
    },
    "is-flac": {
      "version": "1.1.2",
      "resolved": "https://registry.npmjs.org/is-flac/-/is-flac-1.1.2.tgz",
      "integrity": "sha512-bMCyh610qy9IAHHHxqMskwTbTHipJLRdcjrNkQjlwMJgAiA5DyVkBXF545xX+n/PFdlmUtG/2wAEV4WmdiJyrQ=="
    },
    "is-m4a": {
      "version": "1.1.0",
      "resolved": "https://registry.npmjs.org/is-m4a/-/is-m4a-1.1.0.tgz",
      "integrity": "sha512-8LPSOaBA4OvJYlxVUMKGckZeoJxd0VhTqkb7noLdbcwGJCaYce6KC4GFTcK8H1rmUeXcLcH2ywODpVLJSIbLtg=="
    },
    "is-mp3": {
      "version": "1.1.3",
      "resolved": "https://registry.npmjs.org/is-mp3/-/is-mp3-1.1.3.tgz",
      "integrity": "sha512-s9jAf4qmxd8MCOE0BRLzs9uZMM+hWWkIHBkPFOLU5NPT0ooCOaINRQ8ePBKWsfh1jOZr7Y7zFXpWxtIKaJhn4w=="
    },
    "is-ogg": {
      "version": "1.1.2",
      "resolved": "https://registry.npmjs.org/is-ogg/-/is-ogg-1.1.2.tgz",
      "integrity": "sha512-5xNx56wkCD/WtIq2Ykzw6UhwtAEMT1+3II61wMEKgHjkCcEraCfOJi/XaOZWXMXVO+cvdhAHHBCaJHgx5xLagg=="
    },
    "is-wav": {
      "version": "1.1.2",
      "resolved": "https://registry.npmjs.org/is-wav/-/is-wav-1.1.2.tgz",
      "integrity": "sha512-gLOkWlnwd//lRpIhe2u3Ow3mMls/4DIvoLuXwfxpOd/JBuql099f0ZTxwxqHn9Lz+ZG+7ZIMKPyIKG3D7Fot7A=="
    },
    "kv-storage-polyfill": {
      "version": "2.0.0",
      "resolved": "https://registry.npmjs.org/kv-storage-polyfill/-/kv-storage-polyfill-2.0.0.tgz",
      "integrity": "sha512-K4tV8kYT2YNP00GN77pJ099cpwaYCOBGYY2NsfLjUtimE49YI9OYX+MGzOGHNOttUNCKC2Y3YZpV7P+HY2tgCQ=="
    },
    "mpg123-decoder": {
      "version": "0.4.2",
      "resolved": "https://registry.npmjs.org/mpg123-decoder/-/mpg123-decoder-0.4.2.tgz",
      "integrity": "sha512-/LG+OdAGIlU+mrFA7IpQgiAc1NUWMTHfh8tHgRs3MZzlCSlKusZcByOBKnqHJ07JP1sZ2lDVquo1RjPLO9JBBw==",
      "requires": {
        "@wasm-audio-decoders/common": "6.0.2"
      }
    },
    "ogg-opus-decoder": {
      "version": "1.5.2",
      "resolved": "https://registry.npmjs.org/ogg-opus-decoder/-/ogg-opus-decoder-1.5.2.tgz",
      "integrity": "sha512-3nc98/4nYive+nrEfyK+DN+60lS7zuP7sPXLoQJs/GZ9I3gHbqppcP7CzpF/+iiM1nDGOJ4APa7qQ2n5NUjEzg==",
      "requires": {
        "@wasm-audio-decoders/common": "6.0.2",
        "codec-parser": "2.2.0",
        "opus-decoder": "0.6.2"
      }
    },
    "opus-decoder": {
      "version": "0.6.2",
      "resolved": "https://registry.npmjs.org/opus-decoder/-/opus-decoder-0.6.2.tgz",
      "integrity": "sha512-jqq9Jr1WrNJkD5yP2+BSUeJhkCSldOtDQrjzyOt2SkMc1oEB8Phv6zx/Wngxc+UQeftvLlAHL//BgXU4qbjc9Q==",
      "requires": {
        "@wasm-audio-decoders/common": "6.0.2"
      }
    },
    "pify": {
      "version": "3.0.0",
      "resolved": "https://registry.npmjs.org/pify/-/pify-3.0.0.tgz",
      "integrity": "sha512-C3FsVNH1udSEX48gGX1xfvwTWfsYWj5U+8/uK15BGzIGrKoUpghX8hWZwa/OFnakBiiVNmBvemTJR5mcy7iPcg=="
    },
    "primitive-pool": {
      "version": "2.0.0",
      "resolved": "https://registry.npmjs.org/primitive-pool/-/primitive-pool-2.0.0.tgz",
      "integrity": "sha512-cZ3aZ4iOOngRJy1kEDatKsmVbQflxwN28hN5kuQ2DmnLjzp1NRC9NjsXcsl2zbQE1cMRAs/YmE5bYnGBKZkKBw=="
    },
    "read-chunk": {
      "version": "2.1.0",
      "resolved": "https://registry.npmjs.org/read-chunk/-/read-chunk-2.1.0.tgz",
      "integrity": "sha512-QQqB2O9KX/BnztP1xkTRsBxABcWHCXTqQYmEm/DdNId1nw+leKkZvV/g5oCKUrXolGtU3zouoIxMLToAYyDgDw==",
      "requires": {
        "pify": "^3.0.0",
        "safe-buffer": "^5.1.1"
      }
    },
    "safe-buffer": {
      "version": "5.2.1",
      "resolved": "https://registry.npmjs.org/safe-buffer/-/safe-buffer-5.2.1.tgz",
      "integrity": "sha512-rp3So07KcdmmKbGvgaNxQSJr7bGVSVk5S9Eq1F+ppbRo70+YeaDxkw5Dd8NPN+GD6bjnYm2VuPuCXmpuYvmCXQ=="
    },
    "signal-struct": {
      "version": "1.10.0",
      "resolved": "https://registry.npmjs.org/signal-struct/-/signal-struct-1.10.0.tgz",
      "integrity": "sha512-yb6NHDk2f3sqDYu7rlSsqL15vhFo5EPy27QiRjc6QdZXHuW9NoG4C4G2HIboUBDWtBTGkJgnJ9nzElHmLsysWg==",
      "requires": {
        "@preact/signals-core": "^1.2.2",
        "sube": "^2.2.1"
      }
    },
    "sprae": {
      "version": "2.12.3",
      "resolved": "https://registry.npmjs.org/sprae/-/sprae-2.12.3.tgz",
      "integrity": "sha512-JsFN1OsDxhYm+/V0vGDf+kQmeIoOVqZdJUMRS+M9G41BXJ3JVrpfQCp3/J/Bse/041P01iTHPlMUFFhoWTRsWA==",
      "requires": {
        "@preact/signals-core": "^1.2.2",
        "primitive-pool": "^2.0.0",
        "signal-struct": "^1.10.0",
        "swapdom": "^1.1.1"
      }
    },
    "sube": {
      "version": "2.2.1",
      "resolved": "https://registry.npmjs.org/sube/-/sube-2.2.1.tgz",
      "integrity": "sha512-BSqw+L5FGGxwxtN7BMLKy0qBv3LlcCiLxQoVkbHvg1Ce1gfOgaY0opNikRboC8aqhAs0rD66HPMEmYVtmcgtFg=="
    },
    "swapdom": {
      "version": "1.1.1",
      "resolved": "https://registry.npmjs.org/swapdom/-/swapdom-1.1.1.tgz",
      "integrity": "sha512-d6nEZ4rr9uL1aiBc4Oo+P/VyGsmCSYFG7TIkjTlW1SPEG60qEJSqE81aUK/nDTqqmBpGNOzo27rZpUlA4Cq5Jg=="
    }
  }
}
