{
  "name": "wavearea",
  "version": "1.0.0",
  "lockfileVersion": 2,
  "requires": true,
  "packages": {
    "": {
      "name": "wavearea",
      "version": "1.0.0",
      "license": "MIT",
      "dependencies": {
        "@github/file-attachment-element": "^3.1.0",
        "@github/textarea-autosize": "^0.3.1",
        "audioworklet-polyfill": "^1.1.2",
        "base64-arraybuffer": "^1.0.2",
        "kv-storage-polyfill": "^2.0.0",
        "nanopop": "^2.1.0",
        "node-wav": "^0.0.2",
        "sprae": "^2.5.0"
      }
    },
    "node_modules/@github/file-attachment-element": {
      "version": "3.1.0",
      "resolved": "https://registry.npmjs.org/@github/file-attachment-element/-/file-attachment-element-3.1.0.tgz",
      "integrity": "sha512-DXQwUlhRHg5W880319cCgRpDpoGDVtnSX8FpqJAdnje6Y3BUf2mwdqIlRfFWZuOtRMfazDttwgSl9MDKz1wzpQ=="
    },
    "node_modules/@github/textarea-autosize": {
      "version": "0.3.1",
      "resolved": "https://registry.npmjs.org/@github/textarea-autosize/-/textarea-autosize-0.3.1.tgz",
      "integrity": "sha512-MEUyjNVxhLgAHAxWclgqy+r0DGEMsvoLKvYqj0Q5OzQUeAlWiUCT1KKwGEvTgs/bnFVywfqI841MjKl2NWOpcg=="
    },
    "node_modules/@preact/signals-core": {
      "version": "1.2.2",
      "resolved": "https://registry.npmjs.org/@preact/signals-core/-/signals-core-1.2.2.tgz",
      "integrity": "sha512-z3/bCj7rRA21RJb4FeJ4guCrD1CQbaURHkCTunUWQpxUMAFOPXCD8tSFqERyGrrcSb4T3Hrmdc1OAl0LXBHwiw==",
      "funding": {
        "type": "opencollective",
        "url": "https://opencollective.com/preact"
      }
    },
    "node_modules/audioworklet-polyfill": {
      "version": "1.1.2",
      "resolved": "https://registry.npmjs.org/audioworklet-polyfill/-/audioworklet-polyfill-1.1.2.tgz",
      "integrity": "sha512-W6GpXVksUuT6/PTAFosLg98yU0wvCYBltNjgsAse3GCL8VFlZNnqTztvQ4Z0ZXg34olw/zHXjXnNX/0Q/kyapA=="
    },
    "node_modules/base64-arraybuffer": {
      "version": "1.0.2",
      "resolved": "https://registry.npmjs.org/base64-arraybuffer/-/base64-arraybuffer-1.0.2.tgz",
      "integrity": "sha512-I3yl4r9QB5ZRY3XuJVEPfc2XhZO6YweFPI+UovAzn+8/hb3oJ6lnysaFcjVpkCPfVWFUDvoZ8kmVDP7WyRtYtQ==",
      "engines": {
        "node": ">= 0.6.0"
      }
    },
    "node_modules/kv-storage-polyfill": {
      "version": "2.0.0",
      "resolved": "https://registry.npmjs.org/kv-storage-polyfill/-/kv-storage-polyfill-2.0.0.tgz",
      "integrity": "sha512-K4tV8kYT2YNP00GN77pJ099cpwaYCOBGYY2NsfLjUtimE49YI9OYX+MGzOGHNOttUNCKC2Y3YZpV7P+HY2tgCQ=="
    },
    "node_modules/nanopop": {
      "version": "2.2.0",
      "resolved": "https://registry.npmjs.org/nanopop/-/nanopop-2.2.0.tgz",
      "integrity": "sha512-E9JaHcxh3ere8/BEZHAcnuD10RluTSPyTToBvoFWS9/7DcCx6gyKjbn7M7Bx7E1veCxCuY1iO6h4+gdAf1j73Q=="
    },
    "node_modules/node-wav": {
      "version": "0.0.2",
      "resolved": "https://registry.npmjs.org/node-wav/-/node-wav-0.0.2.tgz",
      "integrity": "sha512-M6Rm/bbG6De/gKGxOpeOobx/dnGuP0dz40adqx38boqHhlWssBJZgLCPBNtb9NkrmnKYiV04xELq+R6PFOnoLA==",
      "engines": {
        "node": ">=4.4.0"
      }
    },
    "node_modules/primitive-pool": {
      "version": "2.0.0",
      "resolved": "https://registry.npmjs.org/primitive-pool/-/primitive-pool-2.0.0.tgz",
      "integrity": "sha512-cZ3aZ4iOOngRJy1kEDatKsmVbQflxwN28hN5kuQ2DmnLjzp1NRC9NjsXcsl2zbQE1cMRAs/YmE5bYnGBKZkKBw=="
    },
    "node_modules/signal-struct": {
      "version": "1.8.0",
      "resolved": "https://registry.npmjs.org/signal-struct/-/signal-struct-1.8.0.tgz",
      "integrity": "sha512-pfboQ68r62r3A6aSOPOHb+sM7W3+7EvwxEZPi0XkJ/yyj4aLhSJgkXA9yquMFTRtHsnZRcWtFXS5vrz1I0T0YQ==",
      "dependencies": {
        "@preact/signals-core": "^1.2.2",
        "sube": "^2.2.1"
      }
    },
    "node_modules/sprae": {
      "version": "2.5.0",
      "resolved": "https://registry.npmjs.org/sprae/-/sprae-2.5.0.tgz",
      "integrity": "sha512-6le4WR0vS3A93QGRQ/G6Z3/UgZiMhPnbgHLgAAH5CgnpZHGzxgJmh1zOlulddA2OI6UB6q6IXLRsjByjxDRdiA==",
      "dependencies": {
        "@preact/signals-core": "^1.2.2",
        "primitive-pool": "^2.0.0",
        "signal-struct": "^1.8.0",
        "swapdom": "^1.1.1"
      }
    },
    "node_modules/sube": {
      "version": "2.2.1",
      "resolved": "https://registry.npmjs.org/sube/-/sube-2.2.1.tgz",
      "integrity": "sha512-BSqw+L5FGGxwxtN7BMLKy0qBv3LlcCiLxQoVkbHvg1Ce1gfOgaY0opNikRboC8aqhAs0rD66HPMEmYVtmcgtFg=="
    },
    "node_modules/swapdom": {
      "version": "1.1.1",
      "resolved": "https://registry.npmjs.org/swapdom/-/swapdom-1.1.1.tgz",
      "integrity": "sha512-d6nEZ4rr9uL1aiBc4Oo+P/VyGsmCSYFG7TIkjTlW1SPEG60qEJSqE81aUK/nDTqqmBpGNOzo27rZpUlA4Cq5Jg=="
    }
  },
  "dependencies": {
    "@github/file-attachment-element": {
      "version": "3.1.0",
      "resolved": "https://registry.npmjs.org/@github/file-attachment-element/-/file-attachment-element-3.1.0.tgz",
      "integrity": "sha512-DXQwUlhRHg5W880319cCgRpDpoGDVtnSX8FpqJAdnje6Y3BUf2mwdqIlRfFWZuOtRMfazDttwgSl9MDKz1wzpQ=="
    },
    "@github/textarea-autosize": {
      "version": "0.3.1",
      "resolved": "https://registry.npmjs.org/@github/textarea-autosize/-/textarea-autosize-0.3.1.tgz",
      "integrity": "sha512-MEUyjNVxhLgAHAxWclgqy+r0DGEMsvoLKvYqj0Q5OzQUeAlWiUCT1KKwGEvTgs/bnFVywfqI841MjKl2NWOpcg=="
    },
    "@preact/signals-core": {
      "version": "1.2.2",
      "resolved": "https://registry.npmjs.org/@preact/signals-core/-/signals-core-1.2.2.tgz",
      "integrity": "sha512-z3/bCj7rRA21RJb4FeJ4guCrD1CQbaURHkCTunUWQpxUMAFOPXCD8tSFqERyGrrcSb4T3Hrmdc1OAl0LXBHwiw=="
    },
    "audioworklet-polyfill": {
      "version": "1.1.2",
      "resolved": "https://registry.npmjs.org/audioworklet-polyfill/-/audioworklet-polyfill-1.1.2.tgz",
      "integrity": "sha512-W6GpXVksUuT6/PTAFosLg98yU0wvCYBltNjgsAse3GCL8VFlZNnqTztvQ4Z0ZXg34olw/zHXjXnNX/0Q/kyapA=="
    },
    "base64-arraybuffer": {
      "version": "1.0.2",
      "resolved": "https://registry.npmjs.org/base64-arraybuffer/-/base64-arraybuffer-1.0.2.tgz",
      "integrity": "sha512-I3yl4r9QB5ZRY3XuJVEPfc2XhZO6YweFPI+UovAzn+8/hb3oJ6lnysaFcjVpkCPfVWFUDvoZ8kmVDP7WyRtYtQ=="
    },
    "kv-storage-polyfill": {
      "version": "2.0.0",
      "resolved": "https://registry.npmjs.org/kv-storage-polyfill/-/kv-storage-polyfill-2.0.0.tgz",
      "integrity": "sha512-K4tV8kYT2YNP00GN77pJ099cpwaYCOBGYY2NsfLjUtimE49YI9OYX+MGzOGHNOttUNCKC2Y3YZpV7P+HY2tgCQ=="
    },
    "nanopop": {
      "version": "2.2.0",
      "resolved": "https://registry.npmjs.org/nanopop/-/nanopop-2.2.0.tgz",
      "integrity": "sha512-E9JaHcxh3ere8/BEZHAcnuD10RluTSPyTToBvoFWS9/7DcCx6gyKjbn7M7Bx7E1veCxCuY1iO6h4+gdAf1j73Q=="
    },
    "node-wav": {
      "version": "0.0.2",
      "resolved": "https://registry.npmjs.org/node-wav/-/node-wav-0.0.2.tgz",
      "integrity": "sha512-M6Rm/bbG6De/gKGxOpeOobx/dnGuP0dz40adqx38boqHhlWssBJZgLCPBNtb9NkrmnKYiV04xELq+R6PFOnoLA=="
    },
    "primitive-pool": {
      "version": "2.0.0",
      "resolved": "https://registry.npmjs.org/primitive-pool/-/primitive-pool-2.0.0.tgz",
      "integrity": "sha512-cZ3aZ4iOOngRJy1kEDatKsmVbQflxwN28hN5kuQ2DmnLjzp1NRC9NjsXcsl2zbQE1cMRAs/YmE5bYnGBKZkKBw=="
    },
    "signal-struct": {
      "version": "1.8.0",
      "resolved": "https://registry.npmjs.org/signal-struct/-/signal-struct-1.8.0.tgz",
      "integrity": "sha512-pfboQ68r62r3A6aSOPOHb+sM7W3+7EvwxEZPi0XkJ/yyj4aLhSJgkXA9yquMFTRtHsnZRcWtFXS5vrz1I0T0YQ==",
      "requires": {
        "@preact/signals-core": "^1.2.2",
        "sube": "^2.2.1"
      }
    },
    "sprae": {
      "version": "2.5.0",
      "resolved": "https://registry.npmjs.org/sprae/-/sprae-2.5.0.tgz",
      "integrity": "sha512-6le4WR0vS3A93QGRQ/G6Z3/UgZiMhPnbgHLgAAH5CgnpZHGzxgJmh1zOlulddA2OI6UB6q6IXLRsjByjxDRdiA==",
      "requires": {
        "@preact/signals-core": "^1.2.2",
        "primitive-pool": "^2.0.0",
        "signal-struct": "^1.8.0",
        "swapdom": "^1.1.1"
      }
    },
    "sube": {
      "version": "2.2.1",
      "resolved": "https://registry.npmjs.org/sube/-/sube-2.2.1.tgz",
      "integrity": "sha512-BSqw+L5FGGxwxtN7BMLKy0qBv3LlcCiLxQoVkbHvg1Ce1gfOgaY0opNikRboC8aqhAs0rD66HPMEmYVtmcgtFg=="
    },
    "swapdom": {
      "version": "1.1.1",
      "resolved": "https://registry.npmjs.org/swapdom/-/swapdom-1.1.1.tgz",
      "integrity": "sha512-d6nEZ4rr9uL1aiBc4Oo+P/VyGsmCSYFG7TIkjTlW1SPEG60qEJSqE81aUK/nDTqqmBpGNOzo27rZpUlA4Cq5Jg=="
    }
  }
}
