{
  "name": "wavearea",
  "version": "1.0.0",
  "lockfileVersion": 2,
  "requires": true,
  "packages": {
    "": {
      "name": "wavearea",
      "version": "1.0.0",
      "license": "MIT",
      "dependencies": {
        "@github/textarea-autosize": "^0.3.1",
        "audioworklet-polyfill": "^1.1.2",
        "nanopop": "^2.1.0",
        "sprae": "^2.2.1"
      }
    },
    "node_modules/@github/textarea-autosize": {
      "version": "0.3.1",
      "resolved": "https://registry.npmjs.org/@github/textarea-autosize/-/textarea-autosize-0.3.1.tgz",
      "integrity": "sha512-MEUyjNVxhLgAHAxWclgqy+r0DGEMsvoLKvYqj0Q5OzQUeAlWiUCT1KKwGEvTgs/bnFVywfqI841MjKl2NWOpcg=="
    },
    "node_modules/@preact/signals-core": {
      "version": "1.2.2",
      "resolved": "https://registry.npmjs.org/@preact/signals-core/-/signals-core-1.2.2.tgz",
      "integrity": "sha512-z3/bCj7rRA21RJb4FeJ4guCrD1CQbaURHkCTunUWQpxUMAFOPXCD8tSFqERyGrrcSb4T3Hrmdc1OAl0LXBHwiw==",
      "funding": {
        "type": "opencollective",
        "url": "https://opencollective.com/preact"
      }
    },
    "node_modules/audioworklet-polyfill": {
      "version": "1.1.2",
      "resolved": "https://registry.npmjs.org/audioworklet-polyfill/-/audioworklet-polyfill-1.1.2.tgz",
      "integrity": "sha512-W6GpXVksUuT6/PTAFosLg98yU0wvCYBltNjgsAse3GCL8VFlZNnqTztvQ4Z0ZXg34olw/zHXjXnNX/0Q/kyapA=="
    },
    "node_modules/element-props": {
      "version": "2.4.2",
      "resolved": "https://registry.npmjs.org/element-props/-/element-props-2.4.2.tgz",
      "integrity": "sha512-GcNQQxP0FM/05uUy1S+6D8s/nF1Tj7GuOOKPxdhUBLK+gtIeEm+WqcsXkCblgXxK1Z5o1arAXPHFSrtLHBP55A=="
    },
    "node_modules/nanopop": {
      "version": "2.2.0",
      "resolved": "https://registry.npmjs.org/nanopop/-/nanopop-2.2.0.tgz",
      "integrity": "sha512-E9JaHcxh3ere8/BEZHAcnuD10RluTSPyTToBvoFWS9/7DcCx6gyKjbn7M7Bx7E1veCxCuY1iO6h4+gdAf1j73Q=="
    },
    "node_modules/primitive-pool": {
      "version": "2.0.0",
      "resolved": "https://registry.npmjs.org/primitive-pool/-/primitive-pool-2.0.0.tgz",
      "integrity": "sha512-cZ3aZ4iOOngRJy1kEDatKsmVbQflxwN28hN5kuQ2DmnLjzp1NRC9NjsXcsl2zbQE1cMRAs/YmE5bYnGBKZkKBw=="
    },
    "node_modules/signal-struct": {
      "version": "1.5.1",
      "resolved": "https://registry.npmjs.org/signal-struct/-/signal-struct-1.5.1.tgz",
      "integrity": "sha512-Q1cHM/Z1mbUcF6dWNrPzwyRHDOJQyscvED2NwQvYFuJrIWittlga5/XAaPF6SuwZoaE3GTpkdg2sO7r9FMp2wQ==",
      "dependencies": {
        "@preact/signals-core": "^1.2.2",
        "sube": "^2.2.1"
      }
    },
    "node_modules/sprae": {
      "version": "2.2.1",
      "resolved": "https://registry.npmjs.org/sprae/-/sprae-2.2.1.tgz",
      "integrity": "sha512-S3335dY2LH7WBtQ87S5uo+pXA2osJAaa4mNH8rCCLJMeDGctwTr0a83HkfU59pE9v6pWTfLoFKx+9oyr7PoRrQ==",
      "dependencies": {
        "@preact/signals-core": "^1.2.2",
        "element-props": "^2.4.2",
        "primitive-pool": "^2.0.0",
        "signal-struct": "^1.5.1",
        "sube": "^2.2.1",
        "swapdom": "^1.1.1"
      }
    },
    "node_modules/sube": {
      "version": "2.2.1",
      "resolved": "https://registry.npmjs.org/sube/-/sube-2.2.1.tgz",
      "integrity": "sha512-BSqw+L5FGGxwxtN7BMLKy0qBv3LlcCiLxQoVkbHvg1Ce1gfOgaY0opNikRboC8aqhAs0rD66HPMEmYVtmcgtFg=="
    },
    "node_modules/swapdom": {
      "version": "1.1.1",
      "resolved": "https://registry.npmjs.org/swapdom/-/swapdom-1.1.1.tgz",
      "integrity": "sha512-d6nEZ4rr9uL1aiBc4Oo+P/VyGsmCSYFG7TIkjTlW1SPEG60qEJSqE81aUK/nDTqqmBpGNOzo27rZpUlA4Cq5Jg=="
    }
  },
  "dependencies": {
    "@github/textarea-autosize": {
      "version": "0.3.1",
      "resolved": "https://registry.npmjs.org/@github/textarea-autosize/-/textarea-autosize-0.3.1.tgz",
      "integrity": "sha512-MEUyjNVxhLgAHAxWclgqy+r0DGEMsvoLKvYqj0Q5OzQUeAlWiUCT1KKwGEvTgs/bnFVywfqI841MjKl2NWOpcg=="
    },
    "@preact/signals-core": {
      "version": "1.2.2",
      "resolved": "https://registry.npmjs.org/@preact/signals-core/-/signals-core-1.2.2.tgz",
      "integrity": "sha512-z3/bCj7rRA21RJb4FeJ4guCrD1CQbaURHkCTunUWQpxUMAFOPXCD8tSFqERyGrrcSb4T3Hrmdc1OAl0LXBHwiw=="
    },
    "audioworklet-polyfill": {
      "version": "1.1.2",
      "resolved": "https://registry.npmjs.org/audioworklet-polyfill/-/audioworklet-polyfill-1.1.2.tgz",
      "integrity": "sha512-W6GpXVksUuT6/PTAFosLg98yU0wvCYBltNjgsAse3GCL8VFlZNnqTztvQ4Z0ZXg34olw/zHXjXnNX/0Q/kyapA=="
    },
    "element-props": {
      "version": "2.4.2",
      "resolved": "https://registry.npmjs.org/element-props/-/element-props-2.4.2.tgz",
      "integrity": "sha512-GcNQQxP0FM/05uUy1S+6D8s/nF1Tj7GuOOKPxdhUBLK+gtIeEm+WqcsXkCblgXxK1Z5o1arAXPHFSrtLHBP55A=="
    },
    "nanopop": {
      "version": "2.2.0",
      "resolved": "https://registry.npmjs.org/nanopop/-/nanopop-2.2.0.tgz",
      "integrity": "sha512-E9JaHcxh3ere8/BEZHAcnuD10RluTSPyTToBvoFWS9/7DcCx6gyKjbn7M7Bx7E1veCxCuY1iO6h4+gdAf1j73Q=="
    },
    "primitive-pool": {
      "version": "2.0.0",
      "resolved": "https://registry.npmjs.org/primitive-pool/-/primitive-pool-2.0.0.tgz",
      "integrity": "sha512-cZ3aZ4iOOngRJy1kEDatKsmVbQflxwN28hN5kuQ2DmnLjzp1NRC9NjsXcsl2zbQE1cMRAs/YmE5bYnGBKZkKBw=="
    },
    "signal-struct": {
      "version": "1.5.1",
      "resolved": "https://registry.npmjs.org/signal-struct/-/signal-struct-1.5.1.tgz",
      "integrity": "sha512-Q1cHM/Z1mbUcF6dWNrPzwyRHDOJQyscvED2NwQvYFuJrIWittlga5/XAaPF6SuwZoaE3GTpkdg2sO7r9FMp2wQ==",
      "requires": {
        "@preact/signals-core": "^1.2.2",
        "sube": "^2.2.1"
      }
    },
    "sprae": {
      "version": "2.2.1",
      "resolved": "https://registry.npmjs.org/sprae/-/sprae-2.2.1.tgz",
      "integrity": "sha512-S3335dY2LH7WBtQ87S5uo+pXA2osJAaa4mNH8rCCLJMeDGctwTr0a83HkfU59pE9v6pWTfLoFKx+9oyr7PoRrQ==",
      "requires": {
        "@preact/signals-core": "^1.2.2",
        "element-props": "^2.4.2",
        "primitive-pool": "^2.0.0",
        "signal-struct": "^1.5.1",
        "sube": "^2.2.1",
        "swapdom": "^1.1.1"
      }
    },
    "sube": {
      "version": "2.2.1",
      "resolved": "https://registry.npmjs.org/sube/-/sube-2.2.1.tgz",
      "integrity": "sha512-BSqw+L5FGGxwxtN7BMLKy0qBv3LlcCiLxQoVkbHvg1Ce1gfOgaY0opNikRboC8aqhAs0rD66HPMEmYVtmcgtFg=="
    },
    "swapdom": {
      "version": "1.1.1",
      "resolved": "https://registry.npmjs.org/swapdom/-/swapdom-1.1.1.tgz",
      "integrity": "sha512-d6nEZ4rr9uL1aiBc4Oo+P/VyGsmCSYFG7TIkjTlW1SPEG60qEJSqE81aUK/nDTqqmBpGNOzo27rZpUlA4Cq5Jg=="
    }
  }
}
